{
  "version": 4,
  "terraform_version": "1.3.6",
  "serial": 203,
  "lineage": "24296a13-1103-0c4e-e297-4cfe83569638",
  "outputs": {},
  "resources": [
    {
      "mode": "data",
      "type": "aws_iam_policy",
      "name": "cloudwatch_agent",
      "provider": "provider[\"registry.terraform.io/hashicorp/aws\"]",
      "instances": [
        {
          "schema_version": 0,
          "attributes": {
            "arn": "arn:aws:iam::aws:policy/CloudWatchAgentAdminPolicy",
            "description": "Full permissions required to use AmazonCloudWatchAgent.",
            "id": "arn:aws:iam::aws:policy/CloudWatchAgentAdminPolicy",
            "name": "CloudWatchAgentAdminPolicy",
            "path": "/",
            "path_prefix": null,
            "policy": "{\n    \"Version\": \"2012-10-17\",\n    \"Statement\": [\n        {\n            \"Effect\": \"Allow\",\n            \"Action\": [\n                \"cloudwatch:PutMetricData\",\n                \"ec2:DescribeTags\",\n                \"logs:PutLogEvents\",\n                \"logs:DescribeLogStreams\",\n                \"logs:DescribeLogGroups\",\n                \"logs:CreateLogStream\",\n                \"logs:CreateLogGroup\"\n            ],\n            \"Resource\": \"*\"\n        },\n        {\n            \"Effect\": \"Allow\",\n            \"Action\": [\n                \"ssm:GetParameter\",\n                \"ssm:PutParameter\"\n            ],\n            \"Resource\": \"arn:aws:ssm:*:*:parameter/AmazonCloudWatch-*\"\n        }\n    ]\n}",
            "policy_id": "ANPAICMXPKT7EBAF6KR3O",
            "tags": {}
          },
          "sensitive_attributes": []
        }
      ]
    },
    {
      "mode": "data",
      "type": "aws_iam_policy",
      "name": "code-deploy",
      "provider": "provider[\"registry.terraform.io/hashicorp/aws\"]",
      "instances": [
        {
          "schema_version": 0,
          "attributes": {
            "arn": "arn:aws:iam::aws:policy/service-role/AWSCodeDeployRole",
            "description": "Provides CodeDeploy service access to expand tags and interact with Auto Scaling on your behalf.",
            "id": "arn:aws:iam::aws:policy/service-role/AWSCodeDeployRole",
            "name": "AWSCodeDeployRole",
            "path": "/service-role/",
            "path_prefix": null,
            "policy": "{\n\t\"Version\": \"2012-10-17\",\n\t\"Statement\": [\n\t\t{\n\t\t\t\"Effect\": \"Allow\",\n\t\t\t\"Action\": [\n\t\t\t\t\"autoscaling:CompleteLifecycleAction\",\n\t\t\t\t\"autoscaling:DeleteLifecycleHook\",\n\t\t\t\t\"autoscaling:DescribeAutoScalingGroups\",\n\t\t\t\t\"autoscaling:DescribeLifecycleHooks\",\n\t\t\t\t\"autoscaling:PutLifecycleHook\",\n\t\t\t\t\"autoscaling:RecordLifecycleActionHeartbeat\",\n\t\t\t\t\"autoscaling:CreateAutoScalingGroup\",\n\t\t\t\t\"autoscaling:CreateOrUpdateTags\",\n\t\t\t\t\"autoscaling:UpdateAutoScalingGroup\",\n\t\t\t\t\"autoscaling:EnableMetricsCollection\",\n\t\t\t\t\"autoscaling:DescribePolicies\",\n\t\t\t\t\"autoscaling:DescribeScheduledActions\",\n\t\t\t\t\"autoscaling:DescribeNotificationConfigurations\",\n\t\t\t\t\"autoscaling:SuspendProcesses\",\n\t\t\t\t\"autoscaling:ResumeProcesses\",\n\t\t\t\t\"autoscaling:AttachLoadBalancers\",\n\t\t\t\t\"autoscaling:AttachLoadBalancerTargetGroups\",\n\t\t\t\t\"autoscaling:PutScalingPolicy\",\n\t\t\t\t\"autoscaling:PutScheduledUpdateGroupAction\",\n\t\t\t\t\"autoscaling:PutNotificationConfiguration\",\n\t\t\t\t\"autoscaling:PutWarmPool\",\n\t\t\t\t\"autoscaling:DescribeScalingActivities\",\n\t\t\t\t\"autoscaling:DeleteAutoScalingGroup\",\n\t\t\t\t\"ec2:DescribeInstances\",\n\t\t\t\t\"ec2:DescribeInstanceStatus\",\n\t\t\t\t\"ec2:TerminateInstances\",\n\t\t\t\t\"tag:GetResources\",\n\t\t\t\t\"sns:Publish\",\n\t\t\t\t\"cloudwatch:DescribeAlarms\",\n\t\t\t\t\"cloudwatch:PutMetricAlarm\",\n\t\t\t\t\"elasticloadbalancing:DescribeLoadBalancers\",\n\t\t\t\t\"elasticloadbalancing:DescribeInstanceHealth\",\n\t\t\t\t\"elasticloadbalancing:RegisterInstancesWithLoadBalancer\",\n\t\t\t\t\"elasticloadbalancing:DeregisterInstancesFromLoadBalancer\",\n\t\t\t\t\"elasticloadbalancing:DescribeTargetGroups\",\n\t\t\t\t\"elasticloadbalancing:DescribeTargetHealth\",\n\t\t\t\t\"elasticloadbalancing:RegisterTargets\",\n\t\t\t\t\"elasticloadbalancing:DeregisterTargets\"\n\t\t\t],\n\t\t\t\"Resource\": \"*\"\n\t\t}\n\t]\n}",
            "policy_id": "ANPAJ2NKMKD73QS5NBFLA",
            "tags": {}
          },
          "sensitive_attributes": []
        }
      ]
    },
    {
      "mode": "data",
      "type": "aws_iam_policy",
      "name": "code-deploy-ec2",
      "provider": "provider[\"registry.terraform.io/hashicorp/aws\"]",
      "instances": [
        {
          "schema_version": 0,
          "attributes": {
            "arn": "arn:aws:iam::aws:policy/service-role/AmazonEC2RoleforAWSCodeDeploy",
            "description": "Provides EC2 access to S3 bucket to download revision. This role is needed by the CodeDeploy agent on EC2 instances.",
            "id": "arn:aws:iam::aws:policy/service-role/AmazonEC2RoleforAWSCodeDeploy",
            "name": "AmazonEC2RoleforAWSCodeDeploy",
            "path": "/service-role/",
            "path_prefix": null,
            "policy": "{\n  \"Version\": \"2012-10-17\",\n  \"Statement\": [\n    {\n      \"Action\": [\n        \"s3:GetObject\",\n        \"s3:GetObjectVersion\",\n        \"s3:ListBucket\"\n      ],\n      \"Effect\": \"Allow\",\n      \"Resource\": \"*\"\n    }\n  ]\n}",
            "policy_id": "ANPAIAZKXZ27TAJ4PVWGK",
            "tags": {}
          },
          "sensitive_attributes": []
        }
      ]
    },
    {
      "mode": "data",
      "type": "aws_iam_policy",
      "name": "systems_manager",
      "provider": "provider[\"registry.terraform.io/hashicorp/aws\"]",
      "instances": [
        {
          "schema_version": 0,
          "attributes": {
            "arn": "arn:aws:iam::aws:policy/AmazonSSMManagedInstanceCore",
            "description": "The policy for Amazon EC2 Role to enable AWS Systems Manager service core functionality.",
            "id": "arn:aws:iam::aws:policy/AmazonSSMManagedInstanceCore",
            "name": "AmazonSSMManagedInstanceCore",
            "path": "/",
            "path_prefix": null,
            "policy": "{\n    \"Version\": \"2012-10-17\",\n    \"Statement\": [\n        {\n            \"Effect\": \"Allow\",\n            \"Action\": [\n                \"ssm:DescribeAssociation\",\n                \"ssm:GetDeployablePatchSnapshotForInstance\",\n                \"ssm:GetDocument\",\n                \"ssm:DescribeDocument\",\n                \"ssm:GetManifest\",\n                \"ssm:GetParameter\",\n                \"ssm:GetParameters\",\n                \"ssm:ListAssociations\",\n                \"ssm:ListInstanceAssociations\",\n                \"ssm:PutInventory\",\n                \"ssm:PutComplianceItems\",\n                \"ssm:PutConfigurePackageResult\",\n                \"ssm:UpdateAssociationStatus\",\n                \"ssm:UpdateInstanceAssociationStatus\",\n                \"ssm:UpdateInstanceInformation\"\n            ],\n            \"Resource\": \"*\"\n        },\n        {\n            \"Effect\": \"Allow\",\n            \"Action\": [\n                \"ssmmessages:CreateControlChannel\",\n                \"ssmmessages:CreateDataChannel\",\n                \"ssmmessages:OpenControlChannel\",\n                \"ssmmessages:OpenDataChannel\"\n            ],\n            \"Resource\": \"*\"\n        },\n        {\n            \"Effect\": \"Allow\",\n            \"Action\": [\n                \"ec2messages:AcknowledgeMessage\",\n                \"ec2messages:DeleteMessage\",\n                \"ec2messages:FailMessage\",\n                \"ec2messages:GetEndpoint\",\n                \"ec2messages:GetMessages\",\n                \"ec2messages:SendReply\"\n            ],\n            \"Resource\": \"*\"\n        }\n    ]\n}",
            "policy_id": "ANPAIXSHM2BNB2D3AXXRU",
            "tags": {}
          },
          "sensitive_attributes": []
        }
      ]
    },
    {
      "mode": "data",
      "type": "aws_iam_policy_document",
      "name": "code_deploy_role",
      "provider": "provider[\"registry.terraform.io/hashicorp/aws\"]",
      "instances": [
        {
          "schema_version": 0,
          "attributes": {
            "id": "1903849331",
            "json": "{\n  \"Version\": \"2012-10-17\",\n  \"Statement\": [\n    {\n      \"Sid\": \"\",\n      \"Effect\": \"Allow\",\n      \"Action\": \"sts:AssumeRole\",\n      \"Principal\": {\n        \"Service\": \"ec2.amazonaws.com\"\n      }\n    }\n  ]\n}",
            "override_json": null,
            "override_policy_documents": null,
            "policy_id": null,
            "source_json": null,
            "source_policy_documents": null,
            "statement": [
              {
                "actions": [
                  "sts:AssumeRole"
                ],
                "condition": [],
                "effect": "Allow",
                "not_actions": [],
                "not_principals": [],
                "not_resources": [],
                "principals": [
                  {
                    "identifiers": [
                      "ec2.amazonaws.com"
                    ],
                    "type": "Service"
                  }
                ],
                "resources": [],
                "sid": ""
              }
            ],
            "version": "2012-10-17"
          },
          "sensitive_attributes": []
        }
      ]
    },
    {
      "mode": "data",
      "type": "aws_iam_policy_document",
      "name": "ec2_assume_role",
      "provider": "provider[\"registry.terraform.io/hashicorp/aws\"]",
      "instances": [
        {
          "schema_version": 0,
          "attributes": {
            "id": "1903849331",
            "json": "{\n  \"Version\": \"2012-10-17\",\n  \"Statement\": [\n    {\n      \"Sid\": \"\",\n      \"Effect\": \"Allow\",\n      \"Action\": \"sts:AssumeRole\",\n      \"Principal\": {\n        \"Service\": \"ec2.amazonaws.com\"\n      }\n    }\n  ]\n}",
            "override_json": null,
            "override_policy_documents": null,
            "policy_id": null,
            "source_json": null,
            "source_policy_documents": null,
            "statement": [
              {
                "actions": [
                  "sts:AssumeRole"
                ],
                "condition": [],
                "effect": "Allow",
                "not_actions": [],
                "not_principals": [],
                "not_resources": [],
                "principals": [
                  {
                    "identifiers": [
                      "ec2.amazonaws.com"
                    ],
                    "type": "Service"
                  }
                ],
                "resources": [],
                "sid": ""
              }
            ],
            "version": "2012-10-17"
          },
          "sensitive_attributes": []
        }
      ]
    },
    {
      "mode": "managed",
      "type": "aws_amplify_app",
      "name": "main",
      "provider": "provider[\"registry.terraform.io/hashicorp/aws\"]",
      "instances": [
        {
          "schema_version": 0,
          "attributes": {
            "access_token": "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",
            "arn": "arn:aws:amplify:ap-northeast-2:659256778211:apps/d3313r5r4bkbov",
            "auto_branch_creation_config": [
              {
                "basic_auth_credentials": "c2VkZG9uZzpvd2NDdUpIeFZESENiNzRlcmxVczVBPT18fFBRdEpLa2Q0Y3JNamJkUXFJNFMrU0lEdFdKdVd1RWluUkoxOENjZzEzZGs9",
                "build_spec": "frontend:\n  version: 1\n  phases:\n    build:\n      commands: []\n  artifacts:\n    files:\n      - '**/*'\n    baseDirectory: /\n  cache:\n    paths: []\n",
                "enable_auto_build": true,
                "enable_basic_auth": true,
                "enable_performance_mode": false,
                "enable_pull_request_preview": false,
                "environment_variables": {
                  "REACT_APP_STAGE": "DEV"
                },
                "framework": "",
                "pull_request_environment_name": "",
                "stage": "DEVELOPMENT"
              }
            ],
            "auto_branch_creation_patterns": [
              "*/**"
            ],
            "basic_auth_credentials": "",
            "build_spec": "frontend:\n  version: 1\n  phases:\n    build:\n      commands: []\n  artifacts:\n    files:\n      - '**/*'\n    baseDirectory: /\n  cache:\n    paths: []\n",
            "custom_rule": [
              {
                "condition": "",
                "source": "\u003c/^[^.]+$|\\.(?!(css|gif|ico|jpg|js|wav|png|txt|svg|woff|woff2|ttf|map|json|otf)$)([^.]+$)/\u003e",
                "status": "200",
                "target": "/index.html"
              }
            ],
            "default_domain": "d3313r5r4bkbov.amplifyapp.com",
            "description": "",
            "enable_auto_branch_creation": true,
            "enable_basic_auth": false,
            "enable_branch_auto_build": true,
            "enable_branch_auto_deletion": true,
            "environment_variables": {},
            "iam_service_role_arn": "",
            "id": "d3313r5r4bkbov",
            "name": "TodayTodolist",
            "oauth_token": null,
            "platform": "WEB",
            "production_branch": [],
            "repository": "https://github.com/TodayTodolist/TodayTodolist",
            "tags": {},
            "tags_all": {}
          },
          "sensitive_attributes": [],
          "private": "bnVsbA=="
        }
      ]
    },
    {
      "mode": "managed",
      "type": "aws_amplify_branch",
      "name": "main",
      "provider": "provider[\"registry.terraform.io/hashicorp/aws\"]",
      "instances": [
        {
          "schema_version": 0,
          "attributes": {
            "app_id": "d3313r5r4bkbov",
            "arn": "arn:aws:amplify:ap-northeast-2:659256778211:apps/d3313r5r4bkbov/branches/main",
            "associated_resources": [],
            "backend_environment_arn": "",
            "basic_auth_credentials": "c2VkZG9uZzpOVXRIazY5Q3pzVXEvSXFKaWVmazR3PT18fFFweDVEMWZVUDhJaHg0YTZIWG1Sb1hXTy9XV3VndU9nTlY4VksyaHZmMHM9",
            "branch_name": "main",
            "custom_domains": [],
            "description": "",
            "destination_branch": "",
            "display_name": "main",
            "enable_auto_build": true,
            "enable_basic_auth": true,
            "enable_notification": false,
            "enable_performance_mode": false,
            "enable_pull_request_preview": true,
            "environment_variables": {
              "REACT_APP_STAGE": "DEV"
            },
            "framework": "",
            "id": "d3313r5r4bkbov/main",
            "pull_request_environment_name": "",
            "source_branch": "",
            "stage": "DEVELOPMENT",
            "tags": {},
            "tags_all": {},
            "ttl": "5"
          },
          "sensitive_attributes": [],
          "private": "bnVsbA==",
          "dependencies": [
            "aws_amplify_app.main"
          ]
        }
      ]
    },
    {
      "mode": "managed",
      "type": "aws_amplify_domain_association",
      "name": "root",
      "provider": "provider[\"registry.terraform.io/hashicorp/aws\"]",
      "instances": [
        {
          "schema_version": 0,
          "attributes": {
            "app_id": "d3313r5r4bkbov",
            "arn": "arn:aws:amplify:ap-northeast-2:659256778211:apps/d3313r5r4bkbov/domains/yourssu-inviter.link",
            "certificate_verification_dns_record": "_bd4d1d2b91c148f0efcbcc71c1b13ead.yourssu-inviter.link. CNAME _8ca4fcfdff4f62c7269b5a0ad161fd84.xyscsmcmgv.acm-validations.aws.",
            "domain_name": "yourssu-inviter.link",
            "id": "d3313r5r4bkbov/yourssu-inviter.link",
            "sub_domain": [
              {
                "branch_name": "main",
                "dns_record": "www CNAME dw9juh47t4ayf.cloudfront.net",
                "prefix": "www",
                "verified": true
              }
            ],
            "wait_for_verification": true
          },
          "sensitive_attributes": [],
          "private": "bnVsbA==",
          "dependencies": [
            "aws_amplify_app.main",
            "aws_amplify_branch.main"
          ]
        }
      ]
    },
    {
      "mode": "managed",
      "type": "aws_default_network_acl",
      "name": "default",
      "provider": "provider[\"registry.terraform.io/hashicorp/aws\"]",
      "instances": [
        {
          "schema_version": 0,
          "attributes": {
            "arn": "arn:aws:ec2:ap-northeast-2:659256778211:network-acl/acl-0e520e3b2df3534f0",
            "default_network_acl_id": "acl-0e520e3b2df3534f0",
            "egress": [],
            "id": "acl-0e520e3b2df3534f0",
            "ingress": [],
            "owner_id": "659256778211",
            "subnet_ids": [],
            "tags": {
              "Name": "yourssu-project-develop-default-nacl"
            },
            "tags_all": {
              "Name": "yourssu-project-develop-default-nacl"
            },
            "vpc_id": "vpc-04ba44125f4b48296"
          },
          "sensitive_attributes": [],
          "private": "bnVsbA==",
          "dependencies": [
            "aws_vpc.vpc"
          ]
        }
      ]
    },
    {
      "mode": "managed",
      "type": "aws_default_route_table",
      "name": "default",
      "provider": "provider[\"registry.terraform.io/hashicorp/aws\"]",
      "instances": [
        {
          "schema_version": 0,
          "attributes": {
            "arn": "arn:aws:ec2:ap-northeast-2:659256778211:route-table/rtb-03a0792c08b53c798",
            "default_route_table_id": "rtb-03a0792c08b53c798",
            "id": "rtb-03a0792c08b53c798",
            "owner_id": "659256778211",
            "propagating_vgws": [],
            "route": [],
            "tags": {
              "Name": "yourssu-project-develop-default-rtb"
            },
            "tags_all": {
              "Name": "yourssu-project-develop-default-rtb"
            },
            "timeouts": null,
            "vpc_id": "vpc-04ba44125f4b48296"
          },
          "sensitive_attributes": [],
          "private": "eyJlMmJmYjczMC1lY2FhLTExZTYtOGY4OC0zNDM2M2JjN2M0YzAiOnsiY3JlYXRlIjoxMjAwMDAwMDAwMDAsInVwZGF0ZSI6MTIwMDAwMDAwMDAwfX0=",
          "dependencies": [
            "aws_vpc.vpc"
          ]
        }
      ]
    },
    {
      "mode": "managed",
      "type": "aws_default_security_group",
      "name": "default",
      "provider": "provider[\"registry.terraform.io/hashicorp/aws\"]",
      "instances": [
        {
          "schema_version": 1,
          "attributes": {
            "arn": "arn:aws:ec2:ap-northeast-2:659256778211:security-group/sg-0e2252b3ffd296dd5",
            "description": "default VPC security group",
            "egress": [],
            "id": "sg-0e2252b3ffd296dd5",
            "ingress": [],
            "name": "default",
            "name_prefix": "",
            "owner_id": "659256778211",
            "revoke_rules_on_delete": false,
            "tags": {
              "Name": "yourssu-project-develop-default-sg"
            },
            "tags_all": {
              "Name": "yourssu-project-develop-default-sg"
            },
            "vpc_id": "vpc-04ba44125f4b48296"
          },
          "sensitive_attributes": [],
          "private": "eyJzY2hlbWFfdmVyc2lvbiI6IjEifQ==",
          "dependencies": [
            "aws_vpc.vpc"
          ]
        }
      ]
    },
    {
      "mode": "managed",
      "type": "aws_dynamodb_table",
      "name": "terraform_locks",
      "provider": "provider[\"registry.terraform.io/hashicorp/aws\"]",
      "instances": [
        {
          "schema_version": 1,
          "attributes": {
            "arn": "arn:aws:dynamodb:ap-northeast-2:659256778211:table/terraform-up-and-running-locks",
            "attribute": [
              {
                "name": "LockID",
                "type": "S"
              }
            ],
            "billing_mode": "PAY_PER_REQUEST",
            "global_secondary_index": [],
            "hash_key": "LockID",
            "id": "terraform-up-and-running-locks",
            "local_secondary_index": [],
            "name": "terraform-up-and-running-locks",
            "point_in_time_recovery": [
              {
                "enabled": false
              }
            ],
            "range_key": null,
            "read_capacity": 0,
            "replica": [],
            "restore_date_time": null,
            "restore_source_name": null,
            "restore_to_latest_time": null,
            "server_side_encryption": [],
            "stream_arn": "",
            "stream_enabled": false,
            "stream_label": "",
            "stream_view_type": "",
            "table_class": "",
            "tags": {},
            "tags_all": {},
            "timeouts": null,
            "ttl": [
              {
                "attribute_name": "",
                "enabled": false
              }
            ],
            "write_capacity": 0
          },
          "sensitive_attributes": [],
          "private": "eyJlMmJmYjczMC1lY2FhLTExZTYtOGY4OC0zNDM2M2JjN2M0YzAiOnsiY3JlYXRlIjoxODAwMDAwMDAwMDAwLCJkZWxldGUiOjYwMDAwMDAwMDAwMCwidXBkYXRlIjozNjAwMDAwMDAwMDAwfSwic2NoZW1hX3ZlcnNpb24iOiIxIn0="
        }
      ]
    },
    {
      "mode": "managed",
      "type": "aws_eip",
      "name": "public",
      "provider": "provider[\"registry.terraform.io/hashicorp/aws\"]",
      "instances": [
        {
          "schema_version": 0,
          "attributes": {
            "address": null,
            "allocation_id": "eipalloc-0aaa05b197c7fa815",
            "associate_with_private_ip": null,
            "association_id": "eipassoc-0f2920a949a7fd25d",
            "carrier_ip": "",
            "customer_owned_ip": "",
            "customer_owned_ipv4_pool": "",
            "domain": "vpc",
            "id": "eipalloc-0aaa05b197c7fa815",
            "instance": "i-0bf283595c1d3f5aa",
            "network_border_group": "ap-northeast-2",
            "network_interface": "eni-0479ffebe6903f53f",
            "private_dns": "ip-10-0-0-157.ap-northeast-2.compute.internal",
            "private_ip": "10.0.0.157",
            "public_dns": "ec2-43-200-201-123.ap-northeast-2.compute.amazonaws.com",
            "public_ip": "43.200.201.123",
            "public_ipv4_pool": "amazon",
            "tags": {
              "Name": "yourssu-project-develop-public"
            },
            "tags_all": {
              "Name": "yourssu-project-develop-public"
            },
            "timeouts": null,
            "vpc": true
          },
          "sensitive_attributes": [],
          "private": "eyJlMmJmYjczMC1lY2FhLTExZTYtOGY4OC0zNDM2M2JjN2M0YzAiOnsiZGVsZXRlIjoxODAwMDAwMDAwMDAsInJlYWQiOjkwMDAwMDAwMDAwMCwidXBkYXRlIjozMDAwMDAwMDAwMDB9fQ==",
          "dependencies": [
            "aws_iam_instance_profile.public",
            "aws_iam_role.public",
            "aws_instance.public",
            "aws_security_group.public_ec2",
            "aws_subnet.public1",
            "aws_vpc.vpc",
            "data.aws_iam_policy_document.ec2_assume_role"
          ]
        }
      ]
    },
    {
      "mode": "managed",
      "type": "aws_iam_instance_profile",
      "name": "code_deploy",
      "provider": "provider[\"registry.terraform.io/hashicorp/aws\"]",
      "instances": [
        {
          "schema_version": 0,
          "attributes": {
            "arn": "arn:aws:iam::659256778211:instance-profile/yourssu-project-develop-code-deploy-instanceprofile",
            "create_date": "2023-02-09T00:54:54Z",
            "id": "yourssu-project-develop-code-deploy-instanceprofile",
            "name": "yourssu-project-develop-code-deploy-instanceprofile",
            "name_prefix": null,
            "path": "/",
            "role": "yourssu-project-develop-code-deploy-iamrole",
            "tags": null,
            "tags_all": {},
            "unique_id": "AIPAZS7WEDXR4PKW3DAZY"
          },
          "sensitive_attributes": [],
          "private": "bnVsbA==",
          "dependencies": [
            "aws_iam_role.code_deploy",
            "data.aws_iam_policy_document.ec2_assume_role"
          ]
        }
      ]
    },
    {
      "mode": "managed",
      "type": "aws_iam_instance_profile",
      "name": "public",
      "provider": "provider[\"registry.terraform.io/hashicorp/aws\"]",
      "instances": [
        {
          "schema_version": 0,
          "attributes": {
            "arn": "arn:aws:iam::659256778211:instance-profile/yourssu-project-develop-public-instanceprofile",
            "create_date": "2023-02-03T08:10:15Z",
            "id": "yourssu-project-develop-public-instanceprofile",
            "name": "yourssu-project-develop-public-instanceprofile",
            "name_prefix": null,
            "path": "/",
            "role": "yourssu-project-develop-public-iamrole",
            "tags": {},
            "tags_all": {},
            "unique_id": "AIPAZS7WEDXRR7EP2NH5N"
          },
          "sensitive_attributes": [],
          "private": "bnVsbA==",
          "dependencies": [
            "aws_iam_role.public",
            "data.aws_iam_policy_document.ec2_assume_role"
          ]
        }
      ]
    },
    {
      "mode": "managed",
      "type": "aws_iam_role",
      "name": "code_deploy",
      "provider": "provider[\"registry.terraform.io/hashicorp/aws\"]",
      "instances": [
        {
          "schema_version": 0,
          "attributes": {
            "arn": "arn:aws:iam::659256778211:role/yourssu-project-develop-code-deploy-iamrole",
            "assume_role_policy": "{\"Statement\":[{\"Action\":\"sts:AssumeRole\",\"Effect\":\"Allow\",\"Principal\":{\"Service\":\"ec2.amazonaws.com\"},\"Sid\":\"\"}],\"Version\":\"2012-10-17\"}",
            "create_date": "2023-02-09T00:54:53Z",
            "description": "",
            "force_detach_policies": false,
            "id": "yourssu-project-develop-code-deploy-iamrole",
            "inline_policy": [],
            "managed_policy_arns": [],
            "max_session_duration": 3600,
            "name": "yourssu-project-develop-code-deploy-iamrole",
            "name_prefix": "",
            "path": "/",
            "permissions_boundary": null,
            "tags": null,
            "tags_all": {},
            "unique_id": "AROAZS7WEDXR43IGN6OHI"
          },
          "sensitive_attributes": [],
          "private": "bnVsbA==",
          "dependencies": [
            "data.aws_iam_policy_document.ec2_assume_role"
          ]
        }
      ]
    },
    {
      "mode": "managed",
      "type": "aws_iam_role",
      "name": "public",
      "provider": "provider[\"registry.terraform.io/hashicorp/aws\"]",
      "instances": [
        {
          "schema_version": 0,
          "attributes": {
            "arn": "arn:aws:iam::659256778211:role/yourssu-project-develop-public-iamrole",
            "assume_role_policy": "{\"Statement\":[{\"Action\":\"sts:AssumeRole\",\"Effect\":\"Allow\",\"Principal\":{\"Service\":\"ec2.amazonaws.com\"},\"Sid\":\"\"}],\"Version\":\"2012-10-17\"}",
            "create_date": "2023-02-03T08:10:13Z",
            "description": "",
            "force_detach_policies": false,
            "id": "yourssu-project-develop-public-iamrole",
            "inline_policy": [],
            "managed_policy_arns": [
              "arn:aws:iam::aws:policy/AmazonSSMManagedInstanceCore",
              "arn:aws:iam::aws:policy/CloudWatchAgentAdminPolicy"
            ],
            "max_session_duration": 3600,
            "name": "yourssu-project-develop-public-iamrole",
            "name_prefix": "",
            "path": "/",
            "permissions_boundary": null,
            "tags": {},
            "tags_all": {},
            "unique_id": "AROAZS7WEDXR6P5W7HLGO"
          },
          "sensitive_attributes": [],
          "private": "bnVsbA==",
          "dependencies": [
            "data.aws_iam_policy_document.ec2_assume_role"
          ]
        }
      ]
    },
    {
      "mode": "managed",
      "type": "aws_iam_role_policy_attachment",
      "name": "code_deploy",
      "provider": "provider[\"registry.terraform.io/hashicorp/aws\"]",
      "instances": [
        {
          "schema_version": 0,
          "attributes": {
            "id": "yourssu-project-develop-code-deploy-iamrole-20230209005454562300000002",
            "policy_arn": "arn:aws:iam::aws:policy/service-role/AWSCodeDeployRole",
            "role": "yourssu-project-develop-code-deploy-iamrole"
          },
          "sensitive_attributes": [],
          "private": "bnVsbA==",
          "dependencies": [
            "aws_iam_role.code_deploy",
            "data.aws_iam_policy.code-deploy",
            "data.aws_iam_policy_document.ec2_assume_role"
          ]
        }
      ]
    },
    {
      "mode": "managed",
      "type": "aws_iam_role_policy_attachment",
      "name": "public_cloudwatch",
      "provider": "provider[\"registry.terraform.io/hashicorp/aws\"]",
      "instances": [
        {
          "schema_version": 0,
          "attributes": {
            "id": "yourssu-project-develop-public-iamrole-20230203081016570800000004",
            "policy_arn": "arn:aws:iam::aws:policy/CloudWatchAgentAdminPolicy",
            "role": "yourssu-project-develop-public-iamrole"
          },
          "sensitive_attributes": [],
          "private": "bnVsbA==",
          "dependencies": [
            "aws_iam_role.public",
            "data.aws_iam_policy.cloudwatch_agent",
            "data.aws_iam_policy_document.ec2_assume_role"
          ]
        }
      ]
    },
    {
      "mode": "managed",
      "type": "aws_iam_role_policy_attachment",
      "name": "public_code_deploy",
      "provider": "provider[\"registry.terraform.io/hashicorp/aws\"]",
      "instances": [
        {
          "schema_version": 0,
          "attributes": {
            "id": "yourssu-project-develop-public-iamrole-20230209005453283600000001",
            "policy_arn": "arn:aws:iam::aws:policy/service-role/AmazonEC2RoleforAWSCodeDeploy",
            "role": "yourssu-project-develop-public-iamrole"
          },
          "sensitive_attributes": [],
          "private": "bnVsbA==",
          "dependencies": [
            "aws_iam_role.public",
            "data.aws_iam_policy.code-deploy-ec2"
          ]
        }
      ]
    },
    {
      "mode": "managed",
      "type": "aws_iam_role_policy_attachment",
      "name": "public_ssm",
      "provider": "provider[\"registry.terraform.io/hashicorp/aws\"]",
      "instances": [
        {
          "schema_version": 0,
          "attributes": {
            "id": "yourssu-project-develop-public-iamrole-20230203081017091700000006",
            "policy_arn": "arn:aws:iam::aws:policy/AmazonSSMManagedInstanceCore",
            "role": "yourssu-project-develop-public-iamrole"
          },
          "sensitive_attributes": [],
          "private": "bnVsbA==",
          "dependencies": [
            "aws_iam_role.public",
            "data.aws_iam_policy.systems_manager",
            "data.aws_iam_policy_document.ec2_assume_role"
          ]
        }
      ]
    },
    {
      "mode": "managed",
      "type": "aws_instance",
      "name": "public",
      "provider": "provider[\"registry.terraform.io/hashicorp/aws\"]",
      "instances": [
        {
          "schema_version": 1,
          "attributes": {
            "ami": "ami-0f0646a5f59758444",
            "arn": "arn:aws:ec2:ap-northeast-2:659256778211:instance/i-0bf283595c1d3f5aa",
            "associate_public_ip_address": true,
            "availability_zone": "ap-northeast-2a",
            "capacity_reservation_specification": [
              {
                "capacity_reservation_preference": "open",
                "capacity_reservation_target": []
              }
            ],
            "cpu_core_count": 1,
            "cpu_threads_per_core": 1,
            "credit_specification": [
              {
                "cpu_credits": "standard"
              }
            ],
            "disable_api_stop": false,
            "disable_api_termination": true,
            "ebs_block_device": [],
            "ebs_optimized": false,
            "enclave_options": [
              {
                "enabled": false
              }
            ],
            "ephemeral_block_device": [],
            "get_password_data": false,
            "hibernation": false,
            "host_id": "",
            "host_resource_group_arn": null,
            "iam_instance_profile": "yourssu-project-develop-public-instanceprofile",
            "id": "i-0bf283595c1d3f5aa",
            "instance_initiated_shutdown_behavior": "stop",
            "instance_state": "running",
            "instance_type": "t2.micro",
            "ipv6_address_count": 0,
            "ipv6_addresses": [],
            "key_name": "yourssu-key",
            "launch_template": [],
            "maintenance_options": [
              {
                "auto_recovery": "default"
              }
            ],
            "metadata_options": [
              {
                "http_endpoint": "enabled",
                "http_put_response_hop_limit": 1,
                "http_tokens": "optional",
                "instance_metadata_tags": "disabled"
              }
            ],
            "monitoring": false,
            "network_interface": [],
            "outpost_arn": "",
            "password_data": "",
            "placement_group": "",
            "placement_partition_number": 0,
            "primary_network_interface_id": "eni-0479ffebe6903f53f",
            "private_dns": "ip-10-0-0-157.ap-northeast-2.compute.internal",
            "private_dns_name_options": [
              {
                "enable_resource_name_dns_a_record": false,
                "enable_resource_name_dns_aaaa_record": false,
                "hostname_type": "ip-name"
              }
            ],
            "private_ip": "10.0.0.157",
            "public_dns": "ec2-43-200-201-123.ap-northeast-2.compute.amazonaws.com",
            "public_ip": "43.200.201.123",
            "root_block_device": [
              {
                "delete_on_termination": true,
                "device_name": "/dev/sda1",
                "encrypted": false,
                "iops": 3000,
                "kms_key_id": "",
                "tags": {
                  "Name": "yourssu-project-develop-public"
                },
                "throughput": 125,
                "volume_id": "vol-080b5da9e36ac91ca",
                "volume_size": 8,
                "volume_type": "gp3"
              }
            ],
            "secondary_private_ips": [],
            "security_groups": [],
            "source_dest_check": true,
            "subnet_id": "subnet-03b679a995863dc0b",
            "tags": {
              "Name": "yourssu-project-develop-public-ec2"
            },
            "tags_all": {
              "Name": "yourssu-project-develop-public-ec2"
            },
            "tenancy": "default",
            "timeouts": null,
            "user_data": null,
            "user_data_base64": null,
            "user_data_replace_on_change": false,
            "volume_tags": null,
            "vpc_security_group_ids": [
              "sg-008fe5276dcf62dd5"
            ]
          },
          "sensitive_attributes": [],
          "private": "eyJlMmJmYjczMC1lY2FhLTExZTYtOGY4OC0zNDM2M2JjN2M0YzAiOnsiY3JlYXRlIjo2MDAwMDAwMDAwMDAsImRlbGV0ZSI6MTIwMDAwMDAwMDAwMCwidXBkYXRlIjo2MDAwMDAwMDAwMDB9LCJzY2hlbWFfdmVyc2lvbiI6IjEifQ==",
          "dependencies": [
            "aws_iam_instance_profile.public",
            "aws_iam_role.public",
            "aws_security_group.public_ec2",
            "aws_subnet.public1",
            "aws_vpc.vpc",
            "data.aws_iam_policy_document.ec2_assume_role"
          ]
        }
      ]
    },
    {
      "mode": "managed",
      "type": "aws_internet_gateway",
      "name": "igw",
      "provider": "provider[\"registry.terraform.io/hashicorp/aws\"]",
      "instances": [
        {
          "schema_version": 0,
          "attributes": {
            "arn": "arn:aws:ec2:ap-northeast-2:659256778211:internet-gateway/igw-04d85c6ae3dc65a8b",
            "id": "igw-04d85c6ae3dc65a8b",
            "owner_id": "659256778211",
            "tags": {
              "Name": "yourssu-project-develop-igw"
            },
            "tags_all": {
              "Name": "yourssu-project-develop-igw"
            },
            "timeouts": null,
            "vpc_id": "vpc-04ba44125f4b48296"
          },
          "sensitive_attributes": [],
          "private": "eyJlMmJmYjczMC1lY2FhLTExZTYtOGY4OC0zNDM2M2JjN2M0YzAiOnsiY3JlYXRlIjoxMjAwMDAwMDAwMDAwLCJkZWxldGUiOjEyMDAwMDAwMDAwMDAsInVwZGF0ZSI6MTIwMDAwMDAwMDAwMH19",
          "dependencies": [
            "aws_vpc.vpc"
          ]
        }
      ]
    },
    {
      "mode": "managed",
      "type": "aws_network_acl",
      "name": "public1",
      "provider": "provider[\"registry.terraform.io/hashicorp/aws\"]",
      "instances": [
        {
          "schema_version": 0,
          "attributes": {
            "arn": "arn:aws:ec2:ap-northeast-2:659256778211:network-acl/acl-06d18175d65963475",
            "egress": [
              {
                "action": "allow",
                "cidr_block": "0.0.0.0/0",
                "from_port": 0,
                "icmp_code": 0,
                "icmp_type": 0,
                "ipv6_cidr_block": "",
                "protocol": "-1",
                "rule_no": 100,
                "to_port": 0
              }
            ],
            "id": "acl-06d18175d65963475",
            "ingress": [
              {
                "action": "allow",
                "cidr_block": "0.0.0.0/0",
                "from_port": 0,
                "icmp_code": 0,
                "icmp_type": 0,
                "ipv6_cidr_block": "",
                "protocol": "-1",
                "rule_no": 100,
                "to_port": 0
              }
            ],
            "owner_id": "659256778211",
            "subnet_ids": [
              "subnet-03b679a995863dc0b"
            ],
            "tags": {
              "Name": "yourssu-project-develop-public2-nacl"
            },
            "tags_all": {
              "Name": "yourssu-project-develop-public2-nacl"
            },
            "vpc_id": "vpc-04ba44125f4b48296"
          },
          "sensitive_attributes": [],
          "private": "bnVsbA==",
          "dependencies": [
            "aws_subnet.public1",
            "aws_vpc.vpc"
          ]
        }
      ]
    },
    {
      "mode": "managed",
      "type": "aws_network_acl",
      "name": "public2",
      "provider": "provider[\"registry.terraform.io/hashicorp/aws\"]",
      "instances": [
        {
          "schema_version": 0,
          "attributes": {
            "arn": "arn:aws:ec2:ap-northeast-2:659256778211:network-acl/acl-034f4972a5df79ae2",
            "egress": [
              {
                "action": "allow",
                "cidr_block": "0.0.0.0/0",
                "from_port": 0,
                "icmp_code": 0,
                "icmp_type": 0,
                "ipv6_cidr_block": "",
                "protocol": "-1",
                "rule_no": 100,
                "to_port": 0
              }
            ],
            "id": "acl-034f4972a5df79ae2",
            "ingress": [
              {
                "action": "allow",
                "cidr_block": "0.0.0.0/0",
                "from_port": 0,
                "icmp_code": 0,
                "icmp_type": 0,
                "ipv6_cidr_block": "",
                "protocol": "-1",
                "rule_no": 100,
                "to_port": 0
              }
            ],
            "owner_id": "659256778211",
            "subnet_ids": [
              "subnet-011de601f534f1f79"
            ],
            "tags": {
              "Name": "yourssu-project-develop-public2-nacl"
            },
            "tags_all": {
              "Name": "yourssu-project-develop-public2-nacl"
            },
            "vpc_id": "vpc-04ba44125f4b48296"
          },
          "sensitive_attributes": [],
          "private": "bnVsbA==",
          "dependencies": [
            "aws_subnet.public2",
            "aws_vpc.vpc"
          ]
        }
      ]
    },
    {
      "mode": "managed",
      "type": "aws_route",
      "name": "public1",
      "provider": "provider[\"registry.terraform.io/hashicorp/aws\"]",
      "instances": [
        {
          "schema_version": 0,
          "attributes": {
            "carrier_gateway_id": "",
            "core_network_arn": "",
            "destination_cidr_block": "0.0.0.0/0",
            "destination_ipv6_cidr_block": "",
            "destination_prefix_list_id": "",
            "egress_only_gateway_id": "",
            "gateway_id": "igw-04d85c6ae3dc65a8b",
            "id": "r-rtb-0526ee3cfbba71b671080289494",
            "instance_id": "",
            "instance_owner_id": "",
            "local_gateway_id": "",
            "nat_gateway_id": "",
            "network_interface_id": "",
            "origin": "CreateRoute",
            "route_table_id": "rtb-0526ee3cfbba71b67",
            "state": "active",
            "timeouts": null,
            "transit_gateway_id": "",
            "vpc_endpoint_id": "",
            "vpc_peering_connection_id": ""
          },
          "sensitive_attributes": [],
          "private": "eyJlMmJmYjczMC1lY2FhLTExZTYtOGY4OC0zNDM2M2JjN2M0YzAiOnsiY3JlYXRlIjozMDAwMDAwMDAwMDAsImRlbGV0ZSI6MzAwMDAwMDAwMDAwLCJ1cGRhdGUiOjEyMDAwMDAwMDAwMH19",
          "dependencies": [
            "aws_internet_gateway.igw",
            "aws_route_table.public1",
            "aws_vpc.vpc"
          ]
        }
      ]
    },
    {
      "mode": "managed",
      "type": "aws_route",
      "name": "public2",
      "provider": "provider[\"registry.terraform.io/hashicorp/aws\"]",
      "instances": [
        {
          "schema_version": 0,
          "attributes": {
            "carrier_gateway_id": "",
            "core_network_arn": "",
            "destination_cidr_block": "0.0.0.0/0",
            "destination_ipv6_cidr_block": "",
            "destination_prefix_list_id": "",
            "egress_only_gateway_id": "",
            "gateway_id": "igw-04d85c6ae3dc65a8b",
            "id": "r-rtb-007f2eb77497624a81080289494",
            "instance_id": "",
            "instance_owner_id": "",
            "local_gateway_id": "",
            "nat_gateway_id": "",
            "network_interface_id": "",
            "origin": "CreateRoute",
            "route_table_id": "rtb-007f2eb77497624a8",
            "state": "active",
            "timeouts": null,
            "transit_gateway_id": "",
            "vpc_endpoint_id": "",
            "vpc_peering_connection_id": ""
          },
          "sensitive_attributes": [],
          "private": "eyJlMmJmYjczMC1lY2FhLTExZTYtOGY4OC0zNDM2M2JjN2M0YzAiOnsiY3JlYXRlIjozMDAwMDAwMDAwMDAsImRlbGV0ZSI6MzAwMDAwMDAwMDAwLCJ1cGRhdGUiOjEyMDAwMDAwMDAwMH19",
          "dependencies": [
            "aws_internet_gateway.igw",
            "aws_route_table.public2",
            "aws_vpc.vpc"
          ]
        }
      ]
    },
    {
      "mode": "managed",
      "type": "aws_route53_record",
      "name": "backend",
      "provider": "provider[\"registry.terraform.io/hashicorp/aws\"]",
      "instances": [
        {
          "schema_version": 2,
          "attributes": {
            "alias": [],
            "allow_overwrite": null,
            "failover_routing_policy": [],
            "fqdn": "api.web.yourssu-inviter.link",
            "geolocation_routing_policy": [],
            "health_check_id": "",
            "id": "Z10129611KHL0EFSVFTQW_api.web.yourssu-inviter.link_NS",
            "latency_routing_policy": [],
            "multivalue_answer_routing_policy": false,
            "name": "api.web.yourssu-inviter.link",
            "records": [
              "ns-1009.awsdns-62.net",
              "ns-1534.awsdns-63.org",
              "ns-1818.awsdns-35.co.uk",
              "ns-336.awsdns-42.com"
            ],
            "set_identifier": "",
            "ttl": 172800,
            "type": "NS",
            "weighted_routing_policy": [],
            "zone_id": "Z10129611KHL0EFSVFTQW"
          },
          "sensitive_attributes": [],
          "private": "eyJzY2hlbWFfdmVyc2lvbiI6IjIifQ==",
          "dependencies": [
            "aws_route53_zone.backend",
            "aws_route53_zone.frontend"
          ]
        }
      ]
    },
    {
      "mode": "managed",
      "type": "aws_route53_zone",
      "name": "backend",
      "provider": "provider[\"registry.terraform.io/hashicorp/aws\"]",
      "instances": [
        {
          "schema_version": 0,
          "attributes": {
            "arn": "arn:aws:route53:::hostedzone/Z10129882TQ2FUWBRY7JV",
            "comment": "Managed by Terraform",
            "delegation_set_id": "",
            "force_destroy": false,
            "id": "Z10129882TQ2FUWBRY7JV",
            "name": "api.web.yourssu-inviter.link",
            "name_servers": [
              "ns-1009.awsdns-62.net",
              "ns-1534.awsdns-63.org",
              "ns-1818.awsdns-35.co.uk",
              "ns-336.awsdns-42.com"
            ],
            "primary_name_server": "ns-336.awsdns-42.com",
            "tags": {},
            "tags_all": {},
            "vpc": [],
            "zone_id": "Z10129882TQ2FUWBRY7JV"
          },
          "sensitive_attributes": [],
          "private": "bnVsbA=="
        }
      ]
    },
    {
      "mode": "managed",
      "type": "aws_route53_zone",
      "name": "frontend",
      "provider": "provider[\"registry.terraform.io/hashicorp/aws\"]",
      "instances": [
        {
          "schema_version": 0,
          "attributes": {
            "arn": "arn:aws:route53:::hostedzone/Z10129611KHL0EFSVFTQW",
            "comment": "Managed by Terraform",
            "delegation_set_id": "",
            "force_destroy": false,
            "id": "Z10129611KHL0EFSVFTQW",
            "name": "web.yourssu-inviter.link",
            "name_servers": [
              "ns-1025.awsdns-00.org",
              "ns-1615.awsdns-09.co.uk",
              "ns-229.awsdns-28.com",
              "ns-916.awsdns-50.net"
            ],
            "primary_name_server": "ns-229.awsdns-28.com",
            "tags": {},
            "tags_all": {},
            "vpc": [],
            "zone_id": "Z10129611KHL0EFSVFTQW"
          },
          "sensitive_attributes": [],
          "private": "bnVsbA=="
        }
      ]
    },
    {
      "mode": "managed",
      "type": "aws_route_table",
      "name": "public1",
      "provider": "provider[\"registry.terraform.io/hashicorp/aws\"]",
      "instances": [
        {
          "schema_version": 0,
          "attributes": {
            "arn": "arn:aws:ec2:ap-northeast-2:659256778211:route-table/rtb-0526ee3cfbba71b67",
            "id": "rtb-0526ee3cfbba71b67",
            "owner_id": "659256778211",
            "propagating_vgws": [],
            "route": [
              {
                "carrier_gateway_id": "",
                "cidr_block": "0.0.0.0/0",
                "core_network_arn": "",
                "destination_prefix_list_id": "",
                "egress_only_gateway_id": "",
                "gateway_id": "igw-04d85c6ae3dc65a8b",
                "instance_id": "",
                "ipv6_cidr_block": "",
                "local_gateway_id": "",
                "nat_gateway_id": "",
                "network_interface_id": "",
                "transit_gateway_id": "",
                "vpc_endpoint_id": "",
                "vpc_peering_connection_id": ""
              }
            ],
            "tags": {
              "Name": "yourssu-project-develop-public1-rtb"
            },
            "tags_all": {
              "Name": "yourssu-project-develop-public1-rtb"
            },
            "timeouts": null,
            "vpc_id": "vpc-04ba44125f4b48296"
          },
          "sensitive_attributes": [],
          "private": "eyJlMmJmYjczMC1lY2FhLTExZTYtOGY4OC0zNDM2M2JjN2M0YzAiOnsiY3JlYXRlIjozMDAwMDAwMDAwMDAsImRlbGV0ZSI6MzAwMDAwMDAwMDAwLCJ1cGRhdGUiOjEyMDAwMDAwMDAwMH19",
          "dependencies": [
            "aws_vpc.vpc"
          ]
        }
      ]
    },
    {
      "mode": "managed",
      "type": "aws_route_table",
      "name": "public2",
      "provider": "provider[\"registry.terraform.io/hashicorp/aws\"]",
      "instances": [
        {
          "schema_version": 0,
          "attributes": {
            "arn": "arn:aws:ec2:ap-northeast-2:659256778211:route-table/rtb-007f2eb77497624a8",
            "id": "rtb-007f2eb77497624a8",
            "owner_id": "659256778211",
            "propagating_vgws": [],
            "route": [
              {
                "carrier_gateway_id": "",
                "cidr_block": "0.0.0.0/0",
                "core_network_arn": "",
                "destination_prefix_list_id": "",
                "egress_only_gateway_id": "",
                "gateway_id": "igw-04d85c6ae3dc65a8b",
                "instance_id": "",
                "ipv6_cidr_block": "",
                "local_gateway_id": "",
                "nat_gateway_id": "",
                "network_interface_id": "",
                "transit_gateway_id": "",
                "vpc_endpoint_id": "",
                "vpc_peering_connection_id": ""
              }
            ],
            "tags": {
              "Name": "yourssu-project-develop-public2-rtb"
            },
            "tags_all": {
              "Name": "yourssu-project-develop-public2-rtb"
            },
            "timeouts": null,
            "vpc_id": "vpc-04ba44125f4b48296"
          },
          "sensitive_attributes": [],
          "private": "eyJlMmJmYjczMC1lY2FhLTExZTYtOGY4OC0zNDM2M2JjN2M0YzAiOnsiY3JlYXRlIjozMDAwMDAwMDAwMDAsImRlbGV0ZSI6MzAwMDAwMDAwMDAwLCJ1cGRhdGUiOjEyMDAwMDAwMDAwMH19",
          "dependencies": [
            "aws_vpc.vpc"
          ]
        }
      ]
    },
    {
      "mode": "managed",
      "type": "aws_route_table_association",
      "name": "public1",
      "provider": "provider[\"registry.terraform.io/hashicorp/aws\"]",
      "instances": [
        {
          "schema_version": 0,
          "attributes": {
            "gateway_id": "",
            "id": "rtbassoc-0d0499bb4b273aea8",
            "route_table_id": "rtb-0526ee3cfbba71b67",
            "subnet_id": "subnet-03b679a995863dc0b"
          },
          "sensitive_attributes": [],
          "private": "bnVsbA==",
          "dependencies": [
            "aws_route_table.public1",
            "aws_subnet.public1",
            "aws_vpc.vpc"
          ]
        }
      ]
    },
    {
      "mode": "managed",
      "type": "aws_route_table_association",
      "name": "public2",
      "provider": "provider[\"registry.terraform.io/hashicorp/aws\"]",
      "instances": [
        {
          "schema_version": 0,
          "attributes": {
            "gateway_id": "",
            "id": "rtbassoc-0a6218c77e9e38336",
            "route_table_id": "rtb-007f2eb77497624a8",
            "subnet_id": "subnet-011de601f534f1f79"
          },
          "sensitive_attributes": [],
          "private": "bnVsbA==",
          "dependencies": [
            "aws_route_table.public2",
            "aws_subnet.public2",
            "aws_vpc.vpc"
          ]
        }
      ]
    },
    {
      "mode": "managed",
      "type": "aws_s3_bucket",
      "name": "yourssu_bucket",
      "provider": "provider[\"registry.terraform.io/hashicorp/aws\"]",
      "instances": [
        {
          "schema_version": 0,
          "attributes": {
            "acceleration_status": "",
            "acl": null,
            "arn": "arn:aws:s3:::yourssu-project-bucket",
            "bucket": "yourssu-project-bucket",
            "bucket_domain_name": "yourssu-project-bucket.s3.amazonaws.com",
            "bucket_prefix": null,
            "bucket_regional_domain_name": "yourssu-project-bucket.s3.ap-northeast-2.amazonaws.com",
            "cors_rule": [],
            "force_destroy": false,
            "grant": [
              {
                "id": "51ba271ba1ff91308eb5e904cf646eb8f02720fa14ba131b8ff46fb6b8fc4fa3",
                "permissions": [
                  "FULL_CONTROL"
                ],
                "type": "CanonicalUser",
                "uri": ""
              }
            ],
            "hosted_zone_id": "Z3W03O7B5YMIYP",
            "id": "yourssu-project-bucket",
            "lifecycle_rule": [],
            "logging": [],
            "object_lock_configuration": [],
            "object_lock_enabled": false,
            "policy": "",
            "region": "ap-northeast-2",
            "replication_configuration": [],
            "request_payer": "BucketOwner",
            "server_side_encryption_configuration": [],
            "tags": {},
            "tags_all": {},
            "timeouts": null,
            "versioning": [
              {
                "enabled": false,
                "mfa_delete": false
              }
            ],
            "website": [],
            "website_domain": null,
            "website_endpoint": null
          },
          "sensitive_attributes": [],
          "private": "eyJlMmJmYjczMC1lY2FhLTExZTYtOGY4OC0zNDM2M2JjN2M0YzAiOnsiY3JlYXRlIjoxMjAwMDAwMDAwMDAwLCJkZWxldGUiOjM2MDAwMDAwMDAwMDAsInJlYWQiOjEyMDAwMDAwMDAwMDAsInVwZGF0ZSI6MTIwMDAwMDAwMDAwMH19"
        }
      ]
    },
    {
      "mode": "managed",
      "type": "aws_s3_bucket_acl",
      "name": "yourssu_bucket_acl",
      "provider": "provider[\"registry.terraform.io/hashicorp/aws\"]",
      "instances": [
        {
          "schema_version": 0,
          "attributes": {
            "access_control_policy": [
              {
                "grant": [
                  {
                    "grantee": [
                      {
                        "display_name": "",
                        "email_address": "",
                        "id": "51ba271ba1ff91308eb5e904cf646eb8f02720fa14ba131b8ff46fb6b8fc4fa3",
                        "type": "CanonicalUser",
                        "uri": ""
                      }
                    ],
                    "permission": "FULL_CONTROL"
                  }
                ],
                "owner": [
                  {
                    "display_name": "",
                    "id": "51ba271ba1ff91308eb5e904cf646eb8f02720fa14ba131b8ff46fb6b8fc4fa3"
                  }
                ]
              }
            ],
            "acl": "private",
            "bucket": "yourssu-project-bucket",
            "expected_bucket_owner": "",
            "id": "yourssu-project-bucket,private"
          },
          "sensitive_attributes": [],
          "private": "bnVsbA==",
          "dependencies": [
            "aws_s3_bucket.yourssu_bucket"
          ]
        }
      ]
    },
    {
      "mode": "managed",
      "type": "aws_security_group",
      "name": "public_ec2",
      "provider": "provider[\"registry.terraform.io/hashicorp/aws\"]",
      "instances": [
        {
          "schema_version": 1,
          "attributes": {
            "arn": "arn:aws:ec2:ap-northeast-2:659256778211:security-group/sg-008fe5276dcf62dd5",
            "description": "for public ec2",
            "egress": [
              {
                "cidr_blocks": [
                  "0.0.0.0/0"
                ],
                "description": "",
                "from_port": 0,
                "ipv6_cidr_blocks": [],
                "prefix_list_ids": [],
                "protocol": "-1",
                "security_groups": [],
                "self": false,
                "to_port": 0
              }
            ],
            "id": "sg-008fe5276dcf62dd5",
            "ingress": [
              {
                "cidr_blocks": [
                  "0.0.0.0/0"
                ],
                "description": "",
                "from_port": 0,
                "ipv6_cidr_blocks": [],
                "prefix_list_ids": [],
                "protocol": "-1",
                "security_groups": [],
                "self": false,
                "to_port": 0
              }
            ],
            "name": "yourssu-project-develop-public-sg",
            "name_prefix": "",
            "owner_id": "659256778211",
            "revoke_rules_on_delete": false,
            "tags": {
              "Name": "yourssu-project-develop-public-sg"
            },
            "tags_all": {
              "Name": "yourssu-project-develop-public-sg"
            },
            "timeouts": null,
            "vpc_id": "vpc-04ba44125f4b48296"
          },
          "sensitive_attributes": [],
          "private": "eyJlMmJmYjczMC1lY2FhLTExZTYtOGY4OC0zNDM2M2JjN2M0YzAiOnsiY3JlYXRlIjo2MDAwMDAwMDAwMDAsImRlbGV0ZSI6OTAwMDAwMDAwMDAwfSwic2NoZW1hX3ZlcnNpb24iOiIxIn0=",
          "dependencies": [
            "aws_vpc.vpc"
          ]
        }
      ]
    },
    {
      "mode": "managed",
      "type": "aws_subnet",
      "name": "public1",
      "provider": "provider[\"registry.terraform.io/hashicorp/aws\"]",
      "instances": [
        {
          "schema_version": 1,
          "attributes": {
            "arn": "arn:aws:ec2:ap-northeast-2:659256778211:subnet/subnet-03b679a995863dc0b",
            "assign_ipv6_address_on_creation": false,
            "availability_zone": "ap-northeast-2a",
            "availability_zone_id": "apne2-az1",
            "cidr_block": "10.0.0.0/24",
            "customer_owned_ipv4_pool": "",
            "enable_dns64": false,
            "enable_resource_name_dns_a_record_on_launch": false,
            "enable_resource_name_dns_aaaa_record_on_launch": false,
            "id": "subnet-03b679a995863dc0b",
            "ipv6_cidr_block": "",
            "ipv6_cidr_block_association_id": "",
            "ipv6_native": false,
            "map_customer_owned_ip_on_launch": false,
            "map_public_ip_on_launch": true,
            "outpost_arn": "",
            "owner_id": "659256778211",
            "private_dns_hostname_type_on_launch": "ip-name",
            "tags": {
              "Name": "yourssu-project-develop-public1-subnet"
            },
            "tags_all": {
              "Name": "yourssu-project-develop-public1-subnet"
            },
            "timeouts": null,
            "vpc_id": "vpc-04ba44125f4b48296"
          },
          "sensitive_attributes": [],
          "private": "eyJlMmJmYjczMC1lY2FhLTExZTYtOGY4OC0zNDM2M2JjN2M0YzAiOnsiY3JlYXRlIjo2MDAwMDAwMDAwMDAsImRlbGV0ZSI6MTIwMDAwMDAwMDAwMH0sInNjaGVtYV92ZXJzaW9uIjoiMSJ9",
          "dependencies": [
            "aws_vpc.vpc"
          ]
        }
      ]
    },
    {
      "mode": "managed",
      "type": "aws_subnet",
      "name": "public2",
      "provider": "provider[\"registry.terraform.io/hashicorp/aws\"]",
      "instances": [
        {
          "schema_version": 1,
          "attributes": {
            "arn": "arn:aws:ec2:ap-northeast-2:659256778211:subnet/subnet-011de601f534f1f79",
            "assign_ipv6_address_on_creation": false,
            "availability_zone": "ap-northeast-2c",
            "availability_zone_id": "apne2-az3",
            "cidr_block": "10.0.1.0/24",
            "customer_owned_ipv4_pool": "",
            "enable_dns64": false,
            "enable_resource_name_dns_a_record_on_launch": false,
            "enable_resource_name_dns_aaaa_record_on_launch": false,
            "id": "subnet-011de601f534f1f79",
            "ipv6_cidr_block": "",
            "ipv6_cidr_block_association_id": "",
            "ipv6_native": false,
            "map_customer_owned_ip_on_launch": false,
            "map_public_ip_on_launch": true,
            "outpost_arn": "",
            "owner_id": "659256778211",
            "private_dns_hostname_type_on_launch": "ip-name",
            "tags": {
              "Name": "yourssu-project-develop-public2-subnet"
            },
            "tags_all": {
              "Name": "yourssu-project-develop-public2-subnet"
            },
            "timeouts": null,
            "vpc_id": "vpc-04ba44125f4b48296"
          },
          "sensitive_attributes": [],
          "private": "eyJlMmJmYjczMC1lY2FhLTExZTYtOGY4OC0zNDM2M2JjN2M0YzAiOnsiY3JlYXRlIjo2MDAwMDAwMDAwMDAsImRlbGV0ZSI6MTIwMDAwMDAwMDAwMH0sInNjaGVtYV92ZXJzaW9uIjoiMSJ9",
          "dependencies": [
            "aws_vpc.vpc"
          ]
        }
      ]
    },
    {
      "mode": "managed",
      "type": "aws_vpc",
      "name": "vpc",
      "provider": "provider[\"registry.terraform.io/hashicorp/aws\"]",
      "instances": [
        {
          "schema_version": 1,
          "attributes": {
            "arn": "arn:aws:ec2:ap-northeast-2:659256778211:vpc/vpc-04ba44125f4b48296",
            "assign_generated_ipv6_cidr_block": false,
            "cidr_block": "10.0.0.0/16",
            "default_network_acl_id": "acl-0e520e3b2df3534f0",
            "default_route_table_id": "rtb-03a0792c08b53c798",
            "default_security_group_id": "sg-0e2252b3ffd296dd5",
            "dhcp_options_id": "dopt-06fd82fccd4c01770",
            "enable_classiclink": false,
            "enable_classiclink_dns_support": false,
            "enable_dns_hostnames": true,
            "enable_dns_support": true,
            "enable_network_address_usage_metrics": false,
            "id": "vpc-04ba44125f4b48296",
            "instance_tenancy": "default",
            "ipv4_ipam_pool_id": null,
            "ipv4_netmask_length": null,
            "ipv6_association_id": "",
            "ipv6_cidr_block": "",
            "ipv6_cidr_block_network_border_group": "",
            "ipv6_ipam_pool_id": "",
            "ipv6_netmask_length": 0,
            "main_route_table_id": "rtb-03a0792c08b53c798",
            "owner_id": "659256778211",
            "tags": {
              "Name": "yourssu-project-develop-vpc"
            },
            "tags_all": {
              "Name": "yourssu-project-develop-vpc"
            }
          },
          "sensitive_attributes": [],
          "private": "eyJzY2hlbWFfdmVyc2lvbiI6IjEifQ=="
        }
      ]
    }
  ],
  "check_results": null
}
